// !$*UTF8*$!
{
	archiveVersion = 1;
	classes = {
	};
	objectVersion = 56;
	objects = {

/* Begin PBXBuildFile section */
		58873AFF2B5D883F003CFD4B /* DevoteeApp.swift in Sources */ = {isa = PBXBuildFile; fileRef = 58873AFE2B5D883F003CFD4B /* DevoteeApp.swift */; };
		58873B012B5D883F003CFD4B /* ContentView.swift in Sources */ = {isa = PBXBuildFile; fileRef = 58873B002B5D883F003CFD4B /* ContentView.swift */; };
		58873B032B5D8841003CFD4B /* Assets.xcassets in Resources */ = {isa = PBXBuildFile; fileRef = 58873B022B5D8841003CFD4B /* Assets.xcassets */; };
		58873B062B5D8841003CFD4B /* Preview Assets.xcassets in Resources */ = {isa = PBXBuildFile; fileRef = 58873B052B5D8841003CFD4B /* Preview Assets.xcassets */; };
		58873B082B5D8841003CFD4B /* Persistence.swift in Sources */ = {isa = PBXBuildFile; fileRef = 58873B072B5D8841003CFD4B /* Persistence.swift */; };
		58873B0B2B5D8841003CFD4B /* Devotee.xcdatamodeld in Sources */ = {isa = PBXBuildFile; fileRef = 58873B092B5D8841003CFD4B /* Devotee.xcdatamodeld */; };
		58873B152B5D8907003CFD4B /* sound-ding.mp3 in Resources */ = {isa = PBXBuildFile; fileRef = 58873B122B5D8907003CFD4B /* sound-ding.mp3 */; };
		58873B162B5D8907003CFD4B /* sound-rise.mp3 in Resources */ = {isa = PBXBuildFile; fileRef = 58873B132B5D8907003CFD4B /* sound-rise.mp3 */; };
		58873B172B5D8907003CFD4B /* sound-tap.mp3 in Resources */ = {isa = PBXBuildFile; fileRef = 58873B142B5D8907003CFD4B /* sound-tap.mp3 */; };
		5889062D2B64B282005F9E5A /* HideKeyboardExtension.swift in Sources */ = {isa = PBXBuildFile; fileRef = 5889062C2B64B282005F9E5A /* HideKeyboardExtension.swift */; };
		5889062F2B64B496005F9E5A /* Constants.swift in Sources */ = {isa = PBXBuildFile; fileRef = 5889062E2B64B496005F9E5A /* Constants.swift */; };
		588906312B64BB7A005F9E5A /* BackgroundImageView.swift in Sources */ = {isa = PBXBuildFile; fileRef = 588906302B64BB7A005F9E5A /* BackgroundImageView.swift */; };
		588906332B64DB4D005F9E5A /* NewTaskItemView.swift in Sources */ = {isa = PBXBuildFile; fileRef = 588906322B64DB4D005F9E5A /* NewTaskItemView.swift */; };
/* End PBXBuildFile section */

/* Begin PBXFileReference section */
		58873AFB2B5D883F003CFD4B /* Devotee.app */ = {isa = PBXFileReference; explicitFileType = wrapper.application; includeInIndex = 0; path = Devotee.app; sourceTree = BUILT_PRODUCTS_DIR; };
		58873AFE2B5D883F003CFD4B /* DevoteeApp.swift */ = {isa = PBXFileReference; lastKnownFileType = sourcecode.swift; path = DevoteeApp.swift; sourceTree = "<group>"; };
		58873B002B5D883F003CFD4B /* ContentView.swift */ = {isa = PBXFileReference; lastKnownFileType = sourcecode.swift; path = ContentView.swift; sourceTree = "<group>"; };
		58873B022B5D8841003CFD4B /* Assets.xcassets */ = {isa = PBXFileReference; lastKnownFileType = folder.assetcatalog; path = Assets.xcassets; sourceTree = "<group>"; };
		58873B052B5D8841003CFD4B /* Preview Assets.xcassets */ = {isa = PBXFileReference; lastKnownFileType = folder.assetcatalog; path = "Preview Assets.xcassets"; sourceTree = "<group>"; };
		58873B072B5D8841003CFD4B /* Persistence.swift */ = {isa = PBXFileReference; lastKnownFileType = sourcecode.swift; path = Persistence.swift; sourceTree = "<group>"; };
		58873B0A2B5D8841003CFD4B /* Devotee.xcdatamodel */ = {isa = PBXFileReference; lastKnownFileType = wrapper.xcdatamodel; path = Devotee.xcdatamodel; sourceTree = "<group>"; };
		58873B122B5D8907003CFD4B /* sound-ding.mp3 */ = {isa = PBXFileReference; lastKnownFileType = audio.mp3; path = "sound-ding.mp3"; sourceTree = "<group>"; };
		58873B132B5D8907003CFD4B /* sound-rise.mp3 */ = {isa = PBXFileReference; lastKnownFileType = audio.mp3; path = "sound-rise.mp3"; sourceTree = "<group>"; };
		58873B142B5D8907003CFD4B /* sound-tap.mp3 */ = {isa = PBXFileReference; lastKnownFileType = audio.mp3; path = "sound-tap.mp3"; sourceTree = "<group>"; };
		58873B1F2B5D89E4003CFD4B /* Info.plist */ = {isa = PBXFileReference; lastKnownFileType = text.plist; path = Info.plist; sourceTree = "<group>"; };
		5889062C2B64B282005F9E5A /* HideKeyboardExtension.swift */ = {isa = PBXFileReference; lastKnownFileType = sourcecode.swift; path = HideKeyboardExtension.swift; sourceTree = "<group>"; };
		5889062E2B64B496005F9E5A /* Constants.swift */ = {isa = PBXFileReference; lastKnownFileType = sourcecode.swift; path = Constants.swift; sourceTree = "<group>"; };
		588906302B64BB7A005F9E5A /* BackgroundImageView.swift */ = {isa = PBXFileReference; lastKnownFileType = sourcecode.swift; path = BackgroundImageView.swift; sourceTree = "<group>"; };
		588906322B64DB4D005F9E5A /* NewTaskItemView.swift */ = {isa = PBXFileReference; lastKnownFileType = sourcecode.swift; path = NewTaskItemView.swift; sourceTree = "<group>"; };
/* End PBXFileReference section */

/* Begin PBXFrameworksBuildPhase section */
		58873AF82B5D883F003CFD4B /* Frameworks */ = {
			isa = PBXFrameworksBuildPhase;
			buildActionMask = 2147483647;
			files = (
			);
			runOnlyForDeploymentPostprocessing = 0;
		};
/* End PBXFrameworksBuildPhase section */

/* Begin PBXGroup section */
		58873AF22B5D883F003CFD4B = {
			isa = PBXGroup;
			children = (
				58873AFD2B5D883F003CFD4B /* Devotee */,
				58873AFC2B5D883F003CFD4B /* Products */,
			);
			sourceTree = "<group>";
		};
		58873AFC2B5D883F003CFD4B /* Products */ = {
			isa = PBXGroup;
			children = (
				58873AFB2B5D883F003CFD4B /* Devotee.app */,
			);
			name = Products;
			sourceTree = "<group>";
		};
		58873AFD2B5D883F003CFD4B /* Devotee */ = {
			isa = PBXGroup;
			children = (
				58873B1D2B5D8972003CFD4B /* Style */,
				58873B192B5D8930003CFD4B /* App */,
				58873B112B5D88F4003CFD4B /* Sound */,
				58873B182B5D8929003CFD4B /* View */,
				58873B1B2B5D895A003CFD4B /* Utility */,
				58873B1A2B5D8951003CFD4B /* Extension */,
				58873B1E2B5D89A5003CFD4B /* Model */,
				58873B022B5D8841003CFD4B /* Assets.xcassets */,
				58873B1F2B5D89E4003CFD4B /* Info.plist */,
				58873B042B5D8841003CFD4B /* Preview Content */,
			);
			path = Devotee;
			sourceTree = "<group>";
		};
		58873B042B5D8841003CFD4B /* Preview Content */ = {
			isa = PBXGroup;
			children = (
				58873B052B5D8841003CFD4B /* Preview Assets.xcassets */,
			);
			path = "Preview Content";
			sourceTree = "<group>";
		};
		58873B112B5D88F4003CFD4B /* Sound */ = {
			isa = PBXGroup;
			children = (
				58873B122B5D8907003CFD4B /* sound-ding.mp3 */,
				58873B132B5D8907003CFD4B /* sound-rise.mp3 */,
				58873B142B5D8907003CFD4B /* sound-tap.mp3 */,
			);
			path = Sound;
			sourceTree = "<group>";
		};
		58873B182B5D8929003CFD4B /* View */ = {
			isa = PBXGroup;
			children = (
				58873B002B5D883F003CFD4B /* ContentView.swift */,
				588906302B64BB7A005F9E5A /* BackgroundImageView.swift */,
				588906322B64DB4D005F9E5A /* NewTaskItemView.swift */,
			);
			path = View;
			sourceTree = "<group>";
		};
		58873B192B5D8930003CFD4B /* App */ = {
			isa = PBXGroup;
			children = (
				58873AFE2B5D883F003CFD4B /* DevoteeApp.swift */,
			);
			path = App;
			sourceTree = "<group>";
		};
		58873B1A2B5D8951003CFD4B /* Extension */ = {
			isa = PBXGroup;
			children = (
				5889062C2B64B282005F9E5A /* HideKeyboardExtension.swift */,
			);
			path = Extension;
			sourceTree = "<group>";
		};
		58873B1B2B5D895A003CFD4B /* Utility */ = {
			isa = PBXGroup;
			children = (
				5889062E2B64B496005F9E5A /* Constants.swift */,
			);
			path = Utility;
			sourceTree = "<group>";
		};
		58873B1D2B5D8972003CFD4B /* Style */ = {
			isa = PBXGroup;
			children = (
			);
			path = Style;
			sourceTree = "<group>";
		};
		58873B1E2B5D89A5003CFD4B /* Model */ = {
			isa = PBXGroup;
			children = (
				58873B072B5D8841003CFD4B /* Persistence.swift */,
				58873B092B5D8841003CFD4B /* Devotee.xcdatamodeld */,
			);
			path = Model;
			sourceTree = "<group>";
		};
/* End PBXGroup section */

/* Begin PBXNativeTarget section */
		58873AFA2B5D883F003CFD4B /* Devotee */ = {
			isa = PBXNativeTarget;
			buildConfigurationList = 58873B0E2B5D8841003CFD4B /* Build configuration list for PBXNativeTarget "Devotee" */;
			buildPhases = (
				58873AF72B5D883F003CFD4B /* Sources */,
				58873AF82B5D883F003CFD4B /* Frameworks */,
				58873AF92B5D883F003CFD4B /* Resources */,
			);
			buildRules = (
			);
			dependencies = (
			);
			name = Devotee;
			productName = Devotee;
			productReference = 58873AFB2B5D883F003CFD4B /* Devotee.app */;
			productType = "com.apple.product-type.application";
		};
/* End PBXNativeTarget section */

/* Begin PBXProject section */
		58873AF32B5D883F003CFD4B /* Project object */ = {
			isa = PBXProject;
			attributes = {
				BuildIndependentTargetsInParallel = 1;
				LastSwiftUpdateCheck = 1520;
				LastUpgradeCheck = 1520;
				TargetAttributes = {
					58873AFA2B5D883F003CFD4B = {
						CreatedOnToolsVersion = 15.2;
					};
				};
			};
			buildConfigurationList = 58873AF62B5D883F003CFD4B /* Build configuration list for PBXProject "Devotee" */;
			compatibilityVersion = "Xcode 14.0";
			developmentRegion = en;
			hasScannedForEncodings = 0;
			knownRegions = (
				en,
				Base,
			);
			mainGroup = 58873AF22B5D883F003CFD4B;
			productRefGroup = 58873AFC2B5D883F003CFD4B /* Products */;
			projectDirPath = "";
			projectRoot = "";
			targets = (
				58873AFA2B5D883F003CFD4B /* Devotee */,
			);
		};
/* End PBXProject section */

/* Begin PBXResourcesBuildPhase section */
		58873AF92B5D883F003CFD4B /* Resources */ = {
			isa = PBXResourcesBuildPhase;
			buildActionMask = 2147483647;
			files = (
				58873B062B5D8841003CFD4B /* Preview Assets.xcassets in Resources */,
				58873B162B5D8907003CFD4B /* sound-rise.mp3 in Resources */,
				58873B032B5D8841003CFD4B /* Assets.xcassets in Resources */,
				58873B172B5D8907003CFD4B /* sound-tap.mp3 in Resources */,
				58873B152B5D8907003CFD4B /* sound-ding.mp3 in Resources */,
			);
			runOnlyForDeploymentPostprocessing = 0;
		};
/* End PBXResourcesBuildPhase section */

/* Begin PBXSourcesBuildPhase section */
		58873AF72B5D883F003CFD4B /* Sources */ = {
			isa = PBXSourcesBuildPhase;
			buildActionMask = 2147483647;
			files = (
				58873B0B2B5D8841003CFD4B /* Devotee.xcdatamodeld in Sources */,
				588906312B64BB7A005F9E5A /* BackgroundImageView.swift in Sources */,
				58873B082B5D8841003CFD4B /* Persistence.swift in Sources */,
				5889062D2B64B282005F9E5A /* HideKeyboardExtension.swift in Sources */,
				58873B012B5D883F003CFD4B /* ContentView.swift in Sources */,
				58873AFF2B5D883F003CFD4B /* DevoteeApp.swift in Sources */,
				5889062F2B64B496005F9E5A /* Constants.swift in Sources */,
				588906332B64DB4D005F9E5A /* NewTaskItemView.swift in Sources */,
			);
			runOnlyForDeploymentPostprocessing = 0;
		};
/* End PBXSourcesBuildPhase section */

/* Begin XCBuildConfiguration section */
		58873B0C2B5D8841003CFD4B /* Debug */ = {
			isa = XCBuildConfiguration;
			buildSettings = {
				ALWAYS_SEARCH_USER_PATHS = NO;
				ASSETCATALOG_COMPILER_GENERATE_SWIFT_ASSET_SYMBOL_EXTENSIONS = YES;
				CLANG_ANALYZER_NONNULL = YES;
				CLANG_ANALYZER_NUMBER_OBJECT_CONVERSION = YES_AGGRESSIVE;
				CLANG_CXX_LANGUAGE_STANDARD = "gnu++20";
				CLANG_ENABLE_MODULES = YES;
				CLANG_ENABLE_OBJC_ARC = YES;
				CLANG_ENABLE_OBJC_WEAK = YES;
				CLANG_WARN_BLOCK_CAPTURE_AUTORELEASING = YES;
				CLANG_WARN_BOOL_CONVERSION = YES;
				CLANG_WARN_COMMA = YES;
				CLANG_WARN_CONSTANT_CONVERSION = YES;
				CLANG_WARN_DEPRECATED_OBJC_IMPLEMENTATIONS = YES;
				CLANG_WARN_DIRECT_OBJC_ISA_USAGE = YES_ERROR;
				CLANG_WARN_DOCUMENTATION_COMMENTS = YES;
				CLANG_WARN_EMPTY_BODY = YES;
				CLANG_WARN_ENUM_CONVERSION = YES;
				CLANG_WARN_INFINITE_RECURSION = YES;
				CLANG_WARN_INT_CONVERSION = YES;
				CLANG_WARN_NON_LITERAL_NULL_CONVERSION = YES;
				CLANG_WARN_OBJC_IMPLICIT_RETAIN_SELF = YES;
				CLANG_WARN_OBJC_LITERAL_CONVERSION = YES;
				CLANG_WARN_OBJC_ROOT_CLASS = YES_ERROR;
				CLANG_WARN_QUOTED_INCLUDE_IN_FRAMEWORK_HEADER = YES;
				CLANG_WARN_RANGE_LOOP_ANALYSIS = YES;
				CLANG_WARN_STRICT_PROTOTYPES = YES;
				CLANG_WARN_SUSPICIOUS_MOVE = YES;
				CLANG_WARN_UNGUARDED_AVAILABILITY = YES_AGGRESSIVE;
				CLANG_WARN_UNREACHABLE_CODE = YES;
				CLANG_WARN__DUPLICATE_METHOD_MATCH = YES;
				COPY_PHASE_STRIP = NO;
				DEBUG_INFORMATION_FORMAT = dwarf;
				ENABLE_STRICT_OBJC_MSGSEND = YES;
				ENABLE_TESTABILITY = YES;
				ENABLE_USER_SCRIPT_SANDBOXING = YES;
				GCC_C_LANGUAGE_STANDARD = gnu17;
				GCC_DYNAMIC_NO_PIC = NO;
				GCC_NO_COMMON_BLOCKS = YES;
				GCC_OPTIMIZATION_LEVEL = 0;
				GCC_PREPROCESSOR_DEFINITIONS = (
					"DEBUG=1",
					"$(inherited)",
				);
				GCC_WARN_64_TO_32_BIT_CONVERSION = YES;
				GCC_WARN_ABOUT_RETURN_TYPE = YES_ERROR;
				GCC_WARN_UNDECLARED_SELECTOR = YES;
				GCC_WARN_UNINITIALIZED_AUTOS = YES_AGGRESSIVE;
				GCC_WARN_UNUSED_FUNCTION = YES;
				GCC_WARN_UNUSED_VARIABLE = YES;
				IPHONEOS_DEPLOYMENT_TARGET = 17.2;
				LOCALIZATION_PREFERS_STRING_CATALOGS = YES;
				MTL_ENABLE_DEBUG_INFO = INCLUDE_SOURCE;
				MTL_FAST_MATH = YES;
				ONLY_ACTIVE_ARCH = YES;
				SDKROOT = iphoneos;
				SWIFT_ACTIVE_COMPILATION_CONDITIONS = "DEBUG $(inherited)";
				SWIFT_OPTIMIZATION_LEVEL = "-Onone";
			};
			name = Debug;
		};
		58873B0D2B5D8841003CFD4B /* Release */ = {
			isa = XCBuildConfiguration;
			buildSettings = {
				ALWAYS_SEARCH_USER_PATHS = NO;
				ASSETCATALOG_COMPILER_GENERATE_SWIFT_ASSET_SYMBOL_EXTENSIONS = YES;
				CLANG_ANALYZER_NONNULL = YES;
				CLANG_ANALYZER_NUMBER_OBJECT_CONVERSION = YES_AGGRESSIVE;
				CLANG_CXX_LANGUAGE_STANDARD = "gnu++20";
				CLANG_ENABLE_MODULES = YES;
				CLANG_ENABLE_OBJC_ARC = YES;
				CLANG_ENABLE_OBJC_WEAK = YES;
				CLANG_WARN_BLOCK_CAPTURE_AUTORELEASING = YES;
				CLANG_WARN_BOOL_CONVERSION = YES;
				CLANG_WARN_COMMA = YES;
				CLANG_WARN_CONSTANT_CONVERSION = YES;
				CLANG_WARN_DEPRECATED_OBJC_IMPLEMENTATIONS = YES;
				CLANG_WARN_DIRECT_OBJC_ISA_USAGE = YES_ERROR;
				CLANG_WARN_DOCUMENTATION_COMMENTS = YES;
				CLANG_WARN_EMPTY_BODY = YES;
				CLANG_WARN_ENUM_CONVERSION = YES;
				CLANG_WARN_INFINITE_RECURSION = YES;
				CLANG_WARN_INT_CONVERSION = YES;
				CLANG_WARN_NON_LITERAL_NULL_CONVERSION = YES;
				CLANG_WARN_OBJC_IMPLICIT_RETAIN_SELF = YES;
				CLANG_WARN_OBJC_LITERAL_CONVERSION = YES;
				CLANG_WARN_OBJC_ROOT_CLASS = YES_ERROR;
				CLANG_WARN_QUOTED_INCLUDE_IN_FRAMEWORK_HEADER = YES;
				CLANG_WARN_RANGE_LOOP_ANALYSIS = YES;
				CLANG_WARN_STRICT_PROTOTYPES = YES;
				CLANG_WARN_SUSPICIOUS_MOVE = YES;
				CLANG_WARN_UNGUARDED_AVAILABILITY = YES_AGGRESSIVE;
				CLANG_WARN_UNREACHABLE_CODE = YES;
				CLANG_WARN__DUPLICATE_METHOD_MATCH = YES;
				COPY_PHASE_STRIP = NO;
				DEBUG_INFORMATION_FORMAT = "dwarf-with-dsym";
				ENABLE_NS_ASSERTIONS = NO;
				ENABLE_STRICT_OBJC_MSGSEND = YES;
				ENABLE_USER_SCRIPT_SANDBOXING = YES;
				GCC_C_LANGUAGE_STANDARD = gnu17;
				GCC_NO_COMMON_BLOCKS = YES;
				GCC_WARN_64_TO_32_BIT_CONVERSION = YES;
				GCC_WARN_ABOUT_RETURN_TYPE = YES_ERROR;
				GCC_WARN_UNDECLARED_SELECTOR = YES;
				GCC_WARN_UNINITIALIZED_AUTOS = YES_AGGRESSIVE;
				GCC_WARN_UNUSED_FUNCTION = YES;
				GCC_WARN_UNUSED_VARIABLE = YES;
				IPHONEOS_DEPLOYMENT_TARGET = 17.2;
				LOCALIZATION_PREFERS_STRING_CATALOGS = YES;
				MTL_ENABLE_DEBUG_INFO = NO;
				MTL_FAST_MATH = YES;
				SDKROOT = iphoneos;
				SWIFT_COMPILATION_MODE = wholemodule;
				VALIDATE_PRODUCT = YES;
			};
			name = Release;
		};
		58873B0F2B5D8841003CFD4B /* Debug */ = {
			isa = XCBuildConfiguration;
			buildSettings = {
				ASSETCATALOG_COMPILER_APPICON_NAME = AppIcon;
				ASSETCATALOG_COMPILER_GLOBAL_ACCENT_COLOR_NAME = AccentColor;
				CODE_SIGN_STYLE = Automatic;
				CURRENT_PROJECT_VERSION = 1;
				DEVELOPMENT_ASSET_PATHS = "\"Devotee/Preview Content\"";
				DEVELOPMENT_TEAM = 2GS4XDQ6V7;
				ENABLE_PREVIEWS = YES;
				GENERATE_INFOPLIST_FILE = YES;
				INFOPLIST_FILE = Devotee/Info.plist;
				INFOPLIST_KEY_UIApplicationSceneManifest_Generation = YES;
				INFOPLIST_KEY_UIApplicationSupportsIndirectInputEvents = YES;
				INFOPLIST_KEY_UISupportedInterfaceOrientations = UIInterfaceOrientationPortrait;
				INFOPLIST_KEY_UISupportedInterfaceOrientations_iPad = "UIInterfaceOrientationLandscapeLeft UIInterfaceOrientationLandscapeRight UIInterfaceOrientationPortrait UIInterfaceOrientationPortraitUpsideDown";
				LD_RUNPATH_SEARCH_PATHS = (
					"$(inherited)",
					"@executable_path/Frameworks",
				);
				MARKETING_VERSION = 1.0;
				PRODUCT_BUNDLE_IDENTIFIER = com.yourcomapny.Devotee;
				PRODUCT_NAME = "$(TARGET_NAME)";
				SWIFT_EMIT_LOC_STRINGS = YES;
				SWIFT_VERSION = 5.0;
				TARGETED_DEVICE_FAMILY = "1,2";
			};
			name = Debug;
		};
		58873B102B5D8841003CFD4B /* Release */ = {
			isa = XCBuildConfiguration;
			buildSettings = {
				ASSETCATALOG_COMPILER_APPICON_NAME = AppIcon;
				ASSETCATALOG_COMPILER_GLOBAL_ACCENT_COLOR_NAME = AccentColor;
				CODE_SIGN_STYLE = Automatic;
				CURRENT_PROJECT_VERSION = 1;
				DEVELOPMENT_ASSET_PATHS = "\"Devotee/Preview Content\"";
				DEVELOPMENT_TEAM = 2GS4XDQ6V7;
				ENABLE_PREVIEWS = YES;
				GENERATE_INFOPLIST_FILE = YES;
				INFOPLIST_FILE = Devotee/Info.plist;
				INFOPLIST_KEY_UIApplicationSceneManifest_Generation = YES;
				INFOPLIST_KEY_UIApplicationSupportsIndirectInputEvents = YES;
				INFOPLIST_KEY_UISupportedInterfaceOrientations = UIInterfaceOrientationPortrait;
				INFOPLIST_KEY_UISupportedInterfaceOrientations_iPad = "UIInterfaceOrientationLandscapeLeft UIInterfaceOrientationLandscapeRight UIInterfaceOrientationPortrait UIInterfaceOrientationPortraitUpsideDown";
				LD_RUNPATH_SEARCH_PATHS = (
					"$(inherited)",
					"@executable_path/Frameworks",
				);
				MARKETING_VERSION = 1.0;
				PRODUCT_BUNDLE_IDENTIFIER = com.yourcomapny.Devotee;
				PRODUCT_NAME = "$(TARGET_NAME)";
				SWIFT_EMIT_LOC_STRINGS = YES;
				SWIFT_VERSION = 5.0;
				TARGETED_DEVICE_FAMILY = "1,2";
			};
			name = Release;
		};
/* End XCBuildConfiguration section */

/* Begin XCConfigurationList section */
		58873AF62B5D883F003CFD4B /* Build configuration list for PBXProject "Devotee" */ = {
			isa = XCConfigurationList;
			buildConfigurations = (
				58873B0C2B5D8841003CFD4B /* Debug */,
				58873B0D2B5D8841003CFD4B /* Release */,
			);
			defaultConfigurationIsVisible = 0;
			defaultConfigurationName = Release;
		};
		58873B0E2B5D8841003CFD4B /* Build configuration list for PBXNativeTarget "Devotee" */ = {
			isa = XCConfigurationList;
			buildConfigurations = (
				58873B0F2B5D8841003CFD4B /* Debug */,
				58873B102B5D8841003CFD4B /* Release */,
			);
			defaultConfigurationIsVisible = 0;
			defaultConfigurationName = Release;
		};
/* End XCConfigurationList section */

/* Begin XCVersionGroup section */
		58873B092B5D8841003CFD4B /* Devotee.xcdatamodeld */ = {
			isa = XCVersionGroup;
			children = (
				58873B0A2B5D8841003CFD4B /* Devotee.xcdatamodel */,
			);
			currentVersion = 58873B0A2B5D8841003CFD4B /* Devotee.xcdatamodel */;
			path = Devotee.xcdatamodeld;
			sourceTree = "<group>";
			versionGroupType = wrapper.xcdatamodel;
		};
/* End XCVersionGroup section */
	};
	rootObject = 58873AF32B5D883F003CFD4B /* Project object */;
}
